
Microsoft Visual Studio Solution File, Format Version 12.00
# Visual Studio Version 17
VisualStudioVersion = 17.8.34408.163
MinimumVisualStudioVersion = 10.0.40219.1
Project("{FAE04EC0-301F-11D3-BF4B-00C04F79EFBC}") = "PasswordGenerator", "PasswordGenerator.csproj", "{9ACB99CA-5CDB-495F-A376-7C91FF320A03}"
EndProject
Global
	GlobalSection(SolutionConfigurationPlatforms) = preSolution
		Debug|Any CPU = Debug|Any CPU
		Release|Any CPU = Release|Any CPU
	EndGlobalSection
	GlobalSection(ProjectConfigurationPlatforms) = postSolution
		{9ACB99CA-5CDB-495F-A376-7C91FF320A03}.Debug|Any CPU.ActiveCfg = Debug|Any CPU
		{9ACB99CA-5CDB-495F-A376-7C91FF320A03}.Debug|Any CPU.Build.0 = Debug|Any CPU
		{9ACB99CA-5CDB-495F-A376-7C91FF320A03}.Release|Any CPU.ActiveCfg = Release|Any CPU
		{9ACB99CA-5CDB-495F-A376-7C91FF320A03}.Release|Any CPU.Build.0 = Release|Any CPU
	EndGlobalSection
	GlobalSection(SolutionProperties) = preSolution
		HideSolutionNode = FALSE
	EndGlobalSection
	GlobalSection(ExtensibilityGlobals) = postSolution
		SolutionGuid = {C7A2BA9C-0DD4-4DCE-860E-281E53418DA9}
	EndGlobalSection
EndGlobal
